
Microsoft Visual Studio Solution File, Format Version 12.00
# Visual Studio Version 17
VisualStudioVersion = 17.8.34511.84
MinimumVisualStudioVersion = 10.0.40219.1
Project("{FAE04EC0-301F-11D3-BF4B-00C04F79EFBC}") = "OOPProject", "OOPProject\OOPProject.csproj", "{029C3193-7621-4D09-ACEC-4D3FBDE53A57}"
EndProject
Global
	GlobalSection(SolutionConfigurationPlatforms) = preSolution
		Debug|Any CPU = Debug|Any CPU
		Release|Any CPU = Release|Any CPU
	EndGlobalSection
	GlobalSection(ProjectConfigurationPlatforms) = postSolution
		{029C3193-7621-4D09-ACEC-4D3FBDE53A57}.Debug|Any CPU.ActiveCfg = Debug|Any CPU
		{029C3193-7621-4D09-ACEC-4D3FBDE53A57}.Debug|Any CPU.Build.0 = Debug|Any CPU
		{029C3193-7621-4D09-ACEC-4D3FBDE53A57}.Release|Any CPU.ActiveCfg = Release|Any CPU
		{029C3193-7621-4D09-ACEC-4D3FBDE53A57}.Release|Any CPU.Build.0 = Release|Any CPU
	EndGlobalSection
	GlobalSection(SolutionProperties) = preSolution
		HideSolutionNode = FALSE
	EndGlobalSection
	GlobalSection(ExtensibilityGlobals) = postSolution
		SolutionGuid = {AD5751B8-383F-4D8E-8B55-B020D9EDE260}
	EndGlobalSection
EndGlobal
