
Microsoft Visual Studio Solution File, Format Version 12.00
# Visual Studio Version 17
VisualStudioVersion = 17.8.34511.84
MinimumVisualStudioVersion = 10.0.40219.1
Project("{9A19103F-16F7-4668-BE54-9A1E7A4F7556}") = "OOPProject", "OOPProject\OOPProject.csproj", "{029C3193-7621-4D09-ACEC-4D3FBDE53A57}"
EndProject
Global
	GlobalSection(SolutionConfigurationPlatforms) = preSolution
		Debug|Any CPU = Debug|Any CPU
		Debug|x64 = Debug|x64
		Debug|x86 = Debug|x86
		Release|Any CPU = Release|Any CPU
		Release|x64 = Release|x64
		Release|x86 = Release|x86
	EndGlobalSection
	GlobalSection(ProjectConfigurationPlatforms) = postSolution
		{029C3193-7621-4D09-ACEC-4D3FBDE53A57}.Debug|Any CPU.ActiveCfg = Debug|Any CPU
		{029C3193-7621-4D09-ACEC-4D3FBDE53A57}.Debug|Any CPU.Build.0 = Debug|Any CPU
		{029C3193-7621-4D09-ACEC-4D3FBDE53A57}.Debug|x64.ActiveCfg = Debug|x86
		{029C3193-7621-4D09-ACEC-4D3FBDE53A57}.Debug|x64.Build.0 = Debug|x86
		{029C3193-7621-4D09-ACEC-4D3FBDE53A57}.Debug|x86.ActiveCfg = Debug|x86
		{029C3193-7621-4D09-ACEC-4D3FBDE53A57}.Debug|x86.Build.0 = Debug|x86
		{029C3193-7621-4D09-ACEC-4D3FBDE53A57}.Release|Any CPU.ActiveCfg = Release|Any CPU
		{029C3193-7621-4D09-ACEC-4D3FBDE53A57}.Release|Any CPU.Build.0 = Release|Any CPU
		{029C3193-7621-4D09-ACEC-4D3FBDE53A57}.Release|x64.ActiveCfg = Release|x64
		{029C3193-7621-4D09-ACEC-4D3FBDE53A57}.Release|x64.Build.0 = Release|x64
		{029C3193-7621-4D09-ACEC-4D3FBDE53A57}.Release|x86.ActiveCfg = Release|x86
		{029C3193-7621-4D09-ACEC-4D3FBDE53A57}.Release|x86.Build.0 = Release|x86
	EndGlobalSection
	GlobalSection(SolutionProperties) = preSolution
		HideSolutionNode = FALSE
	EndGlobalSection
	GlobalSection(ExtensibilityGlobals) = postSolution
		SolutionGuid = {AD5751B8-383F-4D8E-8B55-B020D9EDE260}
	EndGlobalSection
EndGlobal
